<Solution>
  <Folder Name="/.github/" />
  <Folder Name="/.github/workflows/">
    <File Path=".github/workflows/ci.yml" />
  </Folder>
  <Folder Name="/Solution Items/">
    <File Path=".config/dotnet-tools.json" />
    <File Path=".dockerignore" />
    <File Path="AGENTS.md" />
    <File Path="compose.yaml" />
    <File Path="Directory.Build.props" />
    <File Path="Directory.Packages.props" />
    <File Path="Dockerfile" />
    <File Path="global.json" />
    <File Path="README.md" />
  </Folder>
  <Folder Name="/src/">
    <Project Path="src/ReceiptSplit.Accounts.CloudflareAccess/ReceiptSplit.Accounts.CloudflareAccess.csproj" />
    <Project Path="src/ReceiptSplit.Accounts/ReceiptSplit.Accounts.csproj" />
    <Project Path="src/ReceiptSplit.Data/ReceiptSplit.Data.csproj" />
    <Project Path="src/ReceiptSplit.Extraction/ReceiptSplit.Extraction.csproj" />
    <Project Path="src/ReceiptSplit.Receipts/ReceiptSplit.Receipts.csproj" />
    <Project Path="src/ReceiptSplit/ReceiptSplit.csproj" />
  </Folder>
  <Folder Name="/tests/">
    <File Path="tests/Directory.Build.props" />
    <Project Path="tests/ReceiptSplit.Extraction.Tests/ReceiptSplit.Extraction.Tests.csproj" />
    <Project Path="tests/ReceiptSplit.Receipts.Tests/ReceiptSplit.Receipts.Tests.csproj" />
    <Project Path="tests/ReceiptSplit.Testing/ReceiptSplit.Testing.csproj" />
    <Project Path="tests/ReceiptSplit.Tests/ReceiptSplit.Tests.csproj" />
  </Folder>
  <Project Path="receiptsplit.client/receiptsplit.client.esproj">
    <Platform Project="AnyCPU" />
    <Build Project="false" />
  </Project>
</Solution>
